// !$*UTF8*$!
{
	archiveVersion = 1;
	classes = {
	};
	objectVersion = 46;
	objects = {

/* Begin PBXBuildFile section */
		4771D6D0F276592E38C27EE1 /* Pods_MakeItFamous.framework in Frameworks */ = {isa = PBXBuildFile; fileRef = E488D584E37C625744079B2E /* Pods_MakeItFamous.framework */; };
		D070053B1FE1F56F00248F97 /* AppDelegate.swift in Sources */ = {isa = PBXBuildFile; fileRef = D070053A1FE1F56F00248F97 /* AppDelegate.swift */; };
		D070053D1FE1F56F00248F97 /* SignInVC.swift in Sources */ = {isa = PBXBuildFile; fileRef = D070053C1FE1F56F00248F97 /* SignInVC.swift */; };
		D07005401FE1F56F00248F97 /* Main.storyboard in Resources */ = {isa = PBXBuildFile; fileRef = D070053E1FE1F56F00248F97 /* Main.storyboard */; };
		D07005421FE1F56F00248F97 /* Assets.xcassets in Resources */ = {isa = PBXBuildFile; fileRef = D07005411FE1F56F00248F97 /* Assets.xcassets */; };
		D07005451FE1F56F00248F97 /* LaunchScreen.storyboard in Resources */ = {isa = PBXBuildFile; fileRef = D07005431FE1F56F00248F97 /* LaunchScreen.storyboard */; };
		D070054D1FE1F71100248F97 /* GoogleService-Info.plist in Resources */ = {isa = PBXBuildFile; fileRef = D070054C1FE1F71100248F97 /* GoogleService-Info.plist */; };
/* End PBXBuildFile section */

/* Begin PBXFileReference section */
		1F470C1B06E610643265B62D /* Pods-MakeItFamous.release.xcconfig */ = {isa = PBXFileReference; includeInIndex = 1; lastKnownFileType = text.xcconfig; name = "Pods-MakeItFamous.release.xcconfig"; path = "Pods/Target Support Files/Pods-MakeItFamous/Pods-MakeItFamous.release.xcconfig"; sourceTree = "<group>"; };
		45E69FF371B6DF51C1BBA1E0 /* Pods-MakeItFamous.debug.xcconfig */ = {isa = PBXFileReference; includeInIndex = 1; lastKnownFileType = text.xcconfig; name = "Pods-MakeItFamous.debug.xcconfig"; path = "Pods/Target Support Files/Pods-MakeItFamous/Pods-MakeItFamous.debug.xcconfig"; sourceTree = "<group>"; };
		D07005371FE1F56F00248F97 /* MakeItFamous.app */ = {isa = PBXFileReference; explicitFileType = wrapper.application; includeInIndex = 0; path = MakeItFamous.app; sourceTree = BUILT_PRODUCTS_DIR; };
		D070053A1FE1F56F00248F97 /* AppDelegate.swift */ = {isa = PBXFileReference; lastKnownFileType = sourcecode.swift; path = AppDelegate.swift; sourceTree = "<group>"; };
		D070053C1FE1F56F00248F97 /* SignInVC.swift */ = {isa = PBXFileReference; lastKnownFileType = sourcecode.swift; path = SignInVC.swift; sourceTree = "<group>"; };
		D070053F1FE1F56F00248F97 /* Base */ = {isa = PBXFileReference; lastKnownFileType = file.storyboard; name = Base; path = Base.lproj/Main.storyboard; sourceTree = "<group>"; };
		D07005411FE1F56F00248F97 /* Assets.xcassets */ = {isa = PBXFileReference; lastKnownFileType = folder.assetcatalog; path = Assets.xcassets; sourceTree = "<group>"; };
		D07005441FE1F56F00248F97 /* Base */ = {isa = PBXFileReference; lastKnownFileType = file.storyboard; name = Base; path = Base.lproj/LaunchScreen.storyboard; sourceTree = "<group>"; };
		D07005461FE1F56F00248F97 /* Info.plist */ = {isa = PBXFileReference; lastKnownFileType = text.plist.xml; path = Info.plist; sourceTree = "<group>"; };
		D070054C1FE1F71100248F97 /* GoogleService-Info.plist */ = {isa = PBXFileReference; fileEncoding = 4; lastKnownFileType = text.plist.xml; path = "GoogleService-Info.plist"; sourceTree = "<group>"; };
		E488D584E37C625744079B2E /* Pods_MakeItFamous.framework */ = {isa = PBXFileReference; explicitFileType = wrapper.framework; includeInIndex = 0; path = Pods_MakeItFamous.framework; sourceTree = BUILT_PRODUCTS_DIR; };
/* End PBXFileReference section */

/* Begin PBXFrameworksBuildPhase section */
		D07005341FE1F56F00248F97 /* Frameworks */ = {
			isa = PBXFrameworksBuildPhase;
			buildActionMask = 2147483647;
			files = (
				4771D6D0F276592E38C27EE1 /* Pods_MakeItFamous.framework in Frameworks */,
			);
			runOnlyForDeploymentPostprocessing = 0;
		};
/* End PBXFrameworksBuildPhase section */

/* Begin PBXGroup section */
		B1D2048E8EE28D0EAD8C0001 /* Frameworks */ = {
			isa = PBXGroup;
			children = (
				E488D584E37C625744079B2E /* Pods_MakeItFamous.framework */,
			);
			name = Frameworks;
			sourceTree = "<group>";
		};
		B5EDA9C469890881ABE92F5D /* Pods */ = {
			isa = PBXGroup;
			children = (
				45E69FF371B6DF51C1BBA1E0 /* Pods-MakeItFamous.debug.xcconfig */,
				1F470C1B06E610643265B62D /* Pods-MakeItFamous.release.xcconfig */,
			);
			name = Pods;
			sourceTree = "<group>";
		};
		D070052E1FE1F56F00248F97 = {
			isa = PBXGroup;
			children = (
				D07005391FE1F56F00248F97 /* MakeItFamous */,
				D07005381FE1F56F00248F97 /* Products */,
				B5EDA9C469890881ABE92F5D /* Pods */,
				B1D2048E8EE28D0EAD8C0001 /* Frameworks */,
			);
			sourceTree = "<group>";
		};
		D07005381FE1F56F00248F97 /* Products */ = {
			isa = PBXGroup;
			children = (
				D07005371FE1F56F00248F97 /* MakeItFamous.app */,
			);
			name = Products;
			sourceTree = "<group>";
		};
		D07005391FE1F56F00248F97 /* MakeItFamous */ = {
			isa = PBXGroup;
			children = (
				D070054E1FE1FD5400248F97 /* Model */,
				D07005501FE1FD7A00248F97 /* Controller */,
				D070054F1FE1FD6800248F97 /* View */,
				D070053A1FE1F56F00248F97 /* AppDelegate.swift */,
				D070053E1FE1F56F00248F97 /* Main.storyboard */,
				D07005411FE1F56F00248F97 /* Assets.xcassets */,
				D07005431FE1F56F00248F97 /* LaunchScreen.storyboard */,
				D07005461FE1F56F00248F97 /* Info.plist */,
				D070054C1FE1F71100248F97 /* GoogleService-Info.plist */,
			);
			path = MakeItFamous;
			sourceTree = "<group>";
		};
		D070054E1FE1FD5400248F97 /* Model */ = {
			isa = PBXGroup;
			children = (
			);
			name = Model;
			sourceTree = "<group>";
		};
		D070054F1FE1FD6800248F97 /* View */ = {
			isa = PBXGroup;
			children = (
			);
			name = View;
			sourceTree = "<group>";
		};
		D07005501FE1FD7A00248F97 /* Controller */ = {
			isa = PBXGroup;
			children = (
				D070053C1FE1F56F00248F97 /* SignInVC.swift */,
			);
			name = Controller;
			sourceTree = "<group>";
		};
/* End PBXGroup section */

/* Begin PBXNativeTarget section */
		D07005361FE1F56F00248F97 /* MakeItFamous */ = {
			isa = PBXNativeTarget;
			buildConfigurationList = D07005491FE1F56F00248F97 /* Build configuration list for PBXNativeTarget "MakeItFamous" */;
			buildPhases = (
				AEC3DA3814C6B1B3E62C2450 /* [CP] Check Pods Manifest.lock */,
				D07005331FE1F56F00248F97 /* Sources */,
				D07005341FE1F56F00248F97 /* Frameworks */,
				D07005351FE1F56F00248F97 /* Resources */,
				E1A205FB11A17E4046248951 /* [CP] Embed Pods Frameworks */,
				00CE5DDF8B1975FD36FD167B /* [CP] Copy Pods Resources */,
			);
			buildRules = (
			);
			dependencies = (
			);
			name = MakeItFamous;
			productName = MakeItFamous;
			productReference = D07005371FE1F56F00248F97 /* MakeItFamous.app */;
			productType = "com.apple.product-type.application";
		};
/* End PBXNativeTarget section */

/* Begin PBXProject section */
		D070052F1FE1F56F00248F97 /* Project object */ = {
			isa = PBXProject;
			attributes = {
				LastSwiftUpdateCheck = 0820;
				LastUpgradeCheck = 0820;
				ORGANIZATIONNAME = mmarki;
				TargetAttributes = {
					D07005361FE1F56F00248F97 = {
						CreatedOnToolsVersion = 8.2;
						DevelopmentTeam = 9C8X3PLP4H;
						ProvisioningStyle = Automatic;
					};
				};
			};
			buildConfigurationList = D07005321FE1F56F00248F97 /* Build configuration list for PBXProject "MakeItFamous" */;
			compatibilityVersion = "Xcode 3.2";
			developmentRegion = English;
			hasScannedForEncodings = 0;
			knownRegions = (
				en,
				Base,
			);
			mainGroup = D070052E1FE1F56F00248F97;
			productRefGroup = D07005381FE1F56F00248F97 /* Products */;
			projectDirPath = "";
			projectRoot = "";
			targets = (
				D07005361FE1F56F00248F97 /* MakeItFamous */,
			);
		};
/* End PBXProject section */

/* Begin PBXResourcesBuildPhase section */
		D07005351FE1F56F00248F97 /* Resources */ = {
			isa = PBXResourcesBuildPhase;
			buildActionMask = 2147483647;
			files = (
				D07005451FE1F56F00248F97 /* LaunchScreen.storyboard in Resources */,
				D070054D1FE1F71100248F97 /* GoogleService-Info.plist in Resources */,
				D07005421FE1F56F00248F97 /* Assets.xcassets in Resources */,
				D07005401FE1F56F00248F97 /* Main.storyboard in Resources */,
			);
			runOnlyForDeploymentPostprocessing = 0;
		};
/* End PBXResourcesBuildPhase section */

/* Begin PBXShellScriptBuildPhase section */
		00CE5DDF8B1975FD36FD167B /* [CP] Copy Pods Resources */ = {
			isa = PBXShellScriptBuildPhase;
			buildActionMask = 2147483647;
			files = (
			);
			inputPaths = (
			);
			name = "[CP] Copy Pods Resources";
			outputPaths = (
			);
			runOnlyForDeploymentPostprocessing = 0;
			shellPath = /bin/sh;
			shellScript = "\"${SRCROOT}/Pods/Target Support Files/Pods-MakeItFamous/Pods-MakeItFamous-resources.sh\"\n";
			showEnvVarsInLog = 0;
		};
		AEC3DA3814C6B1B3E62C2450 /* [CP] Check Pods Manifest.lock */ = {
			isa = PBXShellScriptBuildPhase;
			buildActionMask = 2147483647;
			files = (
			);
			inputPaths = (
			);
			name = "[CP] Check Pods Manifest.lock";
			outputPaths = (
			);
			runOnlyForDeploymentPostprocessing = 0;
			shellPath = /bin/sh;
			shellScript = "diff \"${PODS_PODFILE_DIR_PATH}/Podfile.lock\" \"${PODS_ROOT}/Manifest.lock\" > /dev/null\nif [ $? != 0 ] ; then\n    # print error to STDERR\n    echo \"error: The sandbox is not in sync with the Podfile.lock. Run 'pod install' or update your CocoaPods installation.\" >&2\n    exit 1\nfi\n";
			showEnvVarsInLog = 0;
		};
		E1A205FB11A17E4046248951 /* [CP] Embed Pods Frameworks */ = {
			isa = PBXShellScriptBuildPhase;
			buildActionMask = 2147483647;
			files = (
			);
			inputPaths = (
			);
			name = "[CP] Embed Pods Frameworks";
			outputPaths = (
			);
			runOnlyForDeploymentPostprocessing = 0;
			shellPath = /bin/sh;
			shellScript = "\"${SRCROOT}/Pods/Target Support Files/Pods-MakeItFamous/Pods-MakeItFamous-frameworks.sh\"\n";
			showEnvVarsInLog = 0;
		};
/* End PBXShellScriptBuildPhase section */

/* Begin PBXSourcesBuildPhase section */
		D07005331FE1F56F00248F97 /* Sources */ = {
			isa = PBXSourcesBuildPhase;
			buildActionMask = 2147483647;
			files = (
				D070053D1FE1F56F00248F97 /* SignInVC.swift in Sources */,
				D070053B1FE1F56F00248F97 /* AppDelegate.swift in Sources */,
			);
			runOnlyForDeploymentPostprocessing = 0;
		};
/* End PBXSourcesBuildPhase section */

/* Begin PBXVariantGroup section */
		D070053E1FE1F56F00248F97 /* Main.storyboard */ = {
			isa = PBXVariantGroup;
			children = (
				D070053F1FE1F56F00248F97 /* Base */,
			);
			name = Main.storyboard;
			sourceTree = "<group>";
		};
		D07005431FE1F56F00248F97 /* LaunchScreen.storyboard */ = {
			isa = PBXVariantGroup;
			children = (
				D07005441FE1F56F00248F97 /* Base */,
			);
			name = LaunchScreen.storyboard;
			sourceTree = "<group>";
		};
/* End PBXVariantGroup section */

/* Begin XCBuildConfiguration section */
		D07005471FE1F56F00248F97 /* Debug */ = {
			isa = XCBuildConfiguration;
			buildSettings = {
				ALWAYS_SEARCH_USER_PATHS = NO;
				CLANG_ANALYZER_NONNULL = YES;
				CLANG_CXX_LANGUAGE_STANDARD = "gnu++0x";
				CLANG_CXX_LIBRARY = "libc++";
				CLANG_ENABLE_MODULES = YES;
				CLANG_ENABLE_OBJC_ARC = YES;
				CLANG_WARN_BOOL_CONVERSION = YES;
				CLANG_WARN_CONSTANT_CONVERSION = YES;
				CLANG_WARN_DIRECT_OBJC_ISA_USAGE = YES_ERROR;
				CLANG_WARN_DOCUMENTATION_COMMENTS = YES;
				CLANG_WARN_EMPTY_BODY = YES;
				CLANG_WARN_ENUM_CONVERSION = YES;
				CLANG_WARN_INFINITE_RECURSION = YES;
				CLANG_WARN_INT_CONVERSION = YES;
				CLANG_WARN_OBJC_ROOT_CLASS = YES_ERROR;
				CLANG_WARN_SUSPICIOUS_MOVE = YES;
				CLANG_WARN_UNREACHABLE_CODE = YES;
				CLANG_WARN__DUPLICATE_METHOD_MATCH = YES;
				"CODE_SIGN_IDENTITY[sdk=iphoneos*]" = "iPhone Developer";
				COPY_PHASE_STRIP = NO;
				DEBUG_INFORMATION_FORMAT = dwarf;
				ENABLE_STRICT_OBJC_MSGSEND = YES;
				ENABLE_TESTABILITY = YES;
				GCC_C_LANGUAGE_STANDARD = gnu99;
				GCC_DYNAMIC_NO_PIC = NO;
				GCC_NO_COMMON_BLOCKS = YES;
				GCC_OPTIMIZATION_LEVEL = 0;
				GCC_PREPROCESSOR_DEFINITIONS = (
					"DEBUG=1",
					"$(inherited)",
				);
				GCC_WARN_64_TO_32_BIT_CONVERSION = YES;
				GCC_WARN_ABOUT_RETURN_TYPE = YES_ERROR;
				GCC_WARN_UNDECLARED_SELECTOR = YES;
				GCC_WARN_UNINITIALIZED_AUTOS = YES_AGGRESSIVE;
				GCC_WARN_UNUSED_FUNCTION = YES;
				GCC_WARN_UNUSED_VARIABLE = YES;
				IPHONEOS_DEPLOYMENT_TARGET = 10.2;
				MTL_ENABLE_DEBUG_INFO = YES;
				ONLY_ACTIVE_ARCH = YES;
				SDKROOT = iphoneos;
				SWIFT_ACTIVE_COMPILATION_CONDITIONS = DEBUG;
				SWIFT_OPTIMIZATION_LEVEL = "-Onone";
				TARGETED_DEVICE_FAMILY = "1,2";
			};
			name = Debug;
		};
		D07005481FE1F56F00248F97 /* Release */ = {
			isa = XCBuildConfiguration;
			buildSettings = {
				ALWAYS_SEARCH_USER_PATHS = NO;
				CLANG_ANALYZER_NONNULL = YES;
				CLANG_CXX_LANGUAGE_STANDARD = "gnu++0x";
				CLANG_CXX_LIBRARY = "libc++";
				CLANG_ENABLE_MODULES = YES;
				CLANG_ENABLE_OBJC_ARC = YES;
				CLANG_WARN_BOOL_CONVERSION = YES;
				CLANG_WARN_CONSTANT_CONVERSION = YES;
				CLANG_WARN_DIRECT_OBJC_ISA_USAGE = YES_ERROR;
				CLANG_WARN_DOCUMENTATION_COMMENTS = YES;
				CLANG_WARN_EMPTY_BODY = YES;
				CLANG_WARN_ENUM_CONVERSION = YES;
				CLANG_WARN_INFINITE_RECURSION = YES;
				CLANG_WARN_INT_CONVERSION = YES;
				CLANG_WARN_OBJC_ROOT_CLASS = YES_ERROR;
				CLANG_WARN_SUSPICIOUS_MOVE = YES;
				CLANG_WARN_UNREACHABLE_CODE = YES;
				CLANG_WARN__DUPLICATE_METHOD_MATCH = YES;
				"CODE_SIGN_IDENTITY[sdk=iphoneos*]" = "iPhone Developer";
				COPY_PHASE_STRIP = NO;
				DEBUG_INFORMATION_FORMAT = "dwarf-with-dsym";
				ENABLE_NS_ASSERTIONS = NO;
				ENABLE_STRICT_OBJC_MSGSEND = YES;
				GCC_C_LANGUAGE_STANDARD = gnu99;
				GCC_NO_COMMON_BLOCKS = YES;
				GCC_WARN_64_TO_32_BIT_CONVERSION = YES;
				GCC_WARN_ABOUT_RETURN_TYPE = YES_ERROR;
				GCC_WARN_UNDECLARED_SELECTOR = YES;
				GCC_WARN_UNINITIALIZED_AUTOS = YES_AGGRESSIVE;
				GCC_WARN_UNUSED_FUNCTION = YES;
				GCC_WARN_UNUSED_VARIABLE = YES;
				IPHONEOS_DEPLOYMENT_TARGET = 10.2;
				MTL_ENABLE_DEBUG_INFO = NO;
				SDKROOT = iphoneos;
				SWIFT_OPTIMIZATION_LEVEL = "-Owholemodule";
				TARGETED_DEVICE_FAMILY = "1,2";
				VALIDATE_PRODUCT = YES;
			};
			name = Release;
		};
		D070054A1FE1F56F00248F97 /* Debug */ = {
			isa = XCBuildConfiguration;
			baseConfigurationReference = 45E69FF371B6DF51C1BBA1E0 /* Pods-MakeItFamous.debug.xcconfig */;
			buildSettings = {
				ASSETCATALOG_COMPILER_APPICON_NAME = AppIcon;
				DEVELOPMENT_TEAM = 9C8X3PLP4H;
				INFOPLIST_FILE = MakeItFamous/Info.plist;
				LD_RUNPATH_SEARCH_PATHS = "$(inherited) @executable_path/Frameworks";
				PRODUCT_BUNDLE_IDENTIFIER = com.mm.MakeItFamous;
				PRODUCT_NAME = "$(TARGET_NAME)";
				SWIFT_VERSION = 3.0;
			};
			name = Debug;
		};
		D070054B1FE1F56F00248F97 /* Release */ = {
			isa = XCBuildConfiguration;
			baseConfigurationReference = 1F470C1B06E610643265B62D /* Pods-MakeItFamous.release.xcconfig */;
			buildSettings = {
				ASSETCATALOG_COMPILER_APPICON_NAME = AppIcon;
				DEVELOPMENT_TEAM = 9C8X3PLP4H;
				INFOPLIST_FILE = MakeItFamous/Info.plist;
				LD_RUNPATH_SEARCH_PATHS = "$(inherited) @executable_path/Frameworks";
				PRODUCT_BUNDLE_IDENTIFIER = com.mm.MakeItFamous;
				PRODUCT_NAME = "$(TARGET_NAME)";
				SWIFT_VERSION = 3.0;
			};
			name = Release;
		};
/* End XCBuildConfiguration section */

/* Begin XCConfigurationList section */
		D07005321FE1F56F00248F97 /* Build configuration list for PBXProject "MakeItFamous" */ = {
			isa = XCConfigurationList;
			buildConfigurations = (
				D07005471FE1F56F00248F97 /* Debug */,
				D07005481FE1F56F00248F97 /* Release */,
			);
			defaultConfigurationIsVisible = 0;
			defaultConfigurationName = Release;
		};
		D07005491FE1F56F00248F97 /* Build configuration list for PBXNativeTarget "MakeItFamous" */ = {
			isa = XCConfigurationList;
			buildConfigurations = (
				D070054A1FE1F56F00248F97 /* Debug */,
				D070054B1FE1F56F00248F97 /* Release */,
			);
			defaultConfigurationIsVisible = 0;
			defaultConfigurationName = Release;
		};
/* End XCConfigurationList section */
	};
	rootObject = D070052F1FE1F56F00248F97 /* Project object */;
}
